
Microsoft Visual Studio Solution File, Format Version 12.00
# Visual Studio Version 17
VisualStudioVersion = 17.3.32901.215
MinimumVisualStudioVersion = 10.0.40219.1
Project("{FAE04EC0-301F-11D3-BF4B-00C04F79EFBC}") = "ClassLibrary1", "ClassLibrary1\ClassLibrary1.csproj", "{90D62ECD-61A9-47FB-BDEE-8C92C17CE32C}"
EndProject
Project("{FAE04EC0-301F-11D3-BF4B-00C04F79EFBC}") = "webview2_sample_uwp", "webview2_sample_uwp\webview2_sample_uwp.csproj", "{B27228A6-742A-4813-AA04-95014E620997}"
EndProject
Project("{FAE04EC0-301F-11D3-BF4B-00C04F79EFBC}") = "WebView2WebResourceRquestedSample", "WebView2WebResourceRquestedSample\WebView2WebResourceRquestedSample.csproj", "{10C2E5BC-7D41-4CE8-9EE4-EE85DB1A24F6}"
EndProject
Project("{9A19103F-16F7-4668-BE54-9A1E7A4F7556}") = "WebView2WebResourceRquestedWpf", "WebView2WebResourceRquestedWpf\WebView2WebResourceRquestedWpf.csproj", "{85114410-1DC5-4BA3-A59C-C268491BCE2A}"
EndProject
Project("{FAE04EC0-301F-11D3-BF4B-00C04F79EFBC}") = "WebView2WebResourceRquestedWinUI", "WebView2WebResourceRquestedWinUI\WebView2WebResourceRquestedWinUI.csproj", "{BD35B38E-5041-4FCF-8AC1-E3B0B6DB5A44}"
EndProject
Global
	GlobalSection(SolutionConfigurationPlatforms) = preSolution
		Debug|Any CPU = Debug|Any CPU
		Debug|ARM = Debug|ARM
		Debug|ARM64 = Debug|ARM64
		Debug|x64 = Debug|x64
		Debug|x86 = Debug|x86
		Release|Any CPU = Release|Any CPU
		Release|ARM = Release|ARM
		Release|ARM64 = Release|ARM64
		Release|x64 = Release|x64
		Release|x86 = Release|x86
	EndGlobalSection
	GlobalSection(ProjectConfigurationPlatforms) = postSolution
		{90D62ECD-61A9-47FB-BDEE-8C92C17CE32C}.Debug|Any CPU.ActiveCfg = Debug|Any CPU
		{90D62ECD-61A9-47FB-BDEE-8C92C17CE32C}.Debug|Any CPU.Build.0 = Debug|Any CPU
		{90D62ECD-61A9-47FB-BDEE-8C92C17CE32C}.Debug|ARM.ActiveCfg = Debug|ARM
		{90D62ECD-61A9-47FB-BDEE-8C92C17CE32C}.Debug|ARM.Build.0 = Debug|ARM
		{90D62ECD-61A9-47FB-BDEE-8C92C17CE32C}.Debug|ARM64.ActiveCfg = Debug|ARM64
		{90D62ECD-61A9-47FB-BDEE-8C92C17CE32C}.Debug|ARM64.Build.0 = Debug|ARM64
		{90D62ECD-61A9-47FB-BDEE-8C92C17CE32C}.Debug|x64.ActiveCfg = Debug|x64
		{90D62ECD-61A9-47FB-BDEE-8C92C17CE32C}.Debug|x64.Build.0 = Debug|x64
		{90D62ECD-61A9-47FB-BDEE-8C92C17CE32C}.Debug|x86.ActiveCfg = Debug|x86
		{90D62ECD-61A9-47FB-BDEE-8C92C17CE32C}.Debug|x86.Build.0 = Debug|x86
		{90D62ECD-61A9-47FB-BDEE-8C92C17CE32C}.Release|Any CPU.ActiveCfg = Release|Any CPU
		{90D62ECD-61A9-47FB-BDEE-8C92C17CE32C}.Release|Any CPU.Build.0 = Release|Any CPU
		{90D62ECD-61A9-47FB-BDEE-8C92C17CE32C}.Release|ARM.ActiveCfg = Release|ARM
		{90D62ECD-61A9-47FB-BDEE-8C92C17CE32C}.Release|ARM.Build.0 = Release|ARM
		{90D62ECD-61A9-47FB-BDEE-8C92C17CE32C}.Release|ARM64.ActiveCfg = Release|ARM64
		{90D62ECD-61A9-47FB-BDEE-8C92C17CE32C}.Release|ARM64.Build.0 = Release|ARM64
		{90D62ECD-61A9-47FB-BDEE-8C92C17CE32C}.Release|x64.ActiveCfg = Release|x64
		{90D62ECD-61A9-47FB-BDEE-8C92C17CE32C}.Release|x64.Build.0 = Release|x64
		{90D62ECD-61A9-47FB-BDEE-8C92C17CE32C}.Release|x86.ActiveCfg = Release|x86
		{90D62ECD-61A9-47FB-BDEE-8C92C17CE32C}.Release|x86.Build.0 = Release|x86
		{B27228A6-742A-4813-AA04-95014E620997}.Debug|Any CPU.ActiveCfg = Debug|Any CPU
		{B27228A6-742A-4813-AA04-95014E620997}.Debug|Any CPU.Build.0 = Debug|Any CPU
		{B27228A6-742A-4813-AA04-95014E620997}.Debug|Any CPU.Deploy.0 = Debug|Any CPU
		{B27228A6-742A-4813-AA04-95014E620997}.Debug|ARM.ActiveCfg = Debug|ARM
		{B27228A6-742A-4813-AA04-95014E620997}.Debug|ARM.Build.0 = Debug|ARM
		{B27228A6-742A-4813-AA04-95014E620997}.Debug|ARM.Deploy.0 = Debug|ARM
		{B27228A6-742A-4813-AA04-95014E620997}.Debug|ARM64.ActiveCfg = Debug|ARM64
		{B27228A6-742A-4813-AA04-95014E620997}.Debug|ARM64.Build.0 = Debug|ARM64
		{B27228A6-742A-4813-AA04-95014E620997}.Debug|ARM64.Deploy.0 = Debug|ARM64
		{B27228A6-742A-4813-AA04-95014E620997}.Debug|x64.ActiveCfg = Debug|x64
		{B27228A6-742A-4813-AA04-95014E620997}.Debug|x64.Build.0 = Debug|x64
		{B27228A6-742A-4813-AA04-95014E620997}.Debug|x64.Deploy.0 = Debug|x64
		{B27228A6-742A-4813-AA04-95014E620997}.Debug|x86.ActiveCfg = Debug|x86
		{B27228A6-742A-4813-AA04-95014E620997}.Debug|x86.Build.0 = Debug|x86
		{B27228A6-742A-4813-AA04-95014E620997}.Debug|x86.Deploy.0 = Debug|x86
		{B27228A6-742A-4813-AA04-95014E620997}.Release|Any CPU.ActiveCfg = Release|Any CPU
		{B27228A6-742A-4813-AA04-95014E620997}.Release|Any CPU.Build.0 = Release|Any CPU
		{B27228A6-742A-4813-AA04-95014E620997}.Release|Any CPU.Deploy.0 = Release|Any CPU
		{B27228A6-742A-4813-AA04-95014E620997}.Release|ARM.ActiveCfg = Release|ARM
		{B27228A6-742A-4813-AA04-95014E620997}.Release|ARM.Build.0 = Release|ARM
		{B27228A6-742A-4813-AA04-95014E620997}.Release|ARM.Deploy.0 = Release|ARM
		{B27228A6-742A-4813-AA04-95014E620997}.Release|ARM64.ActiveCfg = Release|ARM64
		{B27228A6-742A-4813-AA04-95014E620997}.Release|ARM64.Build.0 = Release|ARM64
		{B27228A6-742A-4813-AA04-95014E620997}.Release|ARM64.Deploy.0 = Release|ARM64
		{B27228A6-742A-4813-AA04-95014E620997}.Release|x64.ActiveCfg = Release|x64
		{B27228A6-742A-4813-AA04-95014E620997}.Release|x64.Build.0 = Release|x64
		{B27228A6-742A-4813-AA04-95014E620997}.Release|x64.Deploy.0 = Release|x64
		{B27228A6-742A-4813-AA04-95014E620997}.Release|x86.ActiveCfg = Release|x86
		{B27228A6-742A-4813-AA04-95014E620997}.Release|x86.Build.0 = Release|x86
		{B27228A6-742A-4813-AA04-95014E620997}.Release|x86.Deploy.0 = Release|x86
		{10C2E5BC-7D41-4CE8-9EE4-EE85DB1A24F6}.Debug|Any CPU.ActiveCfg = Debug|x64
		{10C2E5BC-7D41-4CE8-9EE4-EE85DB1A24F6}.Debug|Any CPU.Build.0 = Debug|x64
		{10C2E5BC-7D41-4CE8-9EE4-EE85DB1A24F6}.Debug|Any CPU.Deploy.0 = Debug|x64
		{10C2E5BC-7D41-4CE8-9EE4-EE85DB1A24F6}.Debug|ARM.ActiveCfg = Debug|ARM
		{10C2E5BC-7D41-4CE8-9EE4-EE85DB1A24F6}.Debug|ARM.Build.0 = Debug|ARM
		{10C2E5BC-7D41-4CE8-9EE4-EE85DB1A24F6}.Debug|ARM.Deploy.0 = Debug|ARM
		{10C2E5BC-7D41-4CE8-9EE4-EE85DB1A24F6}.Debug|ARM64.ActiveCfg = Debug|ARM64
		{10C2E5BC-7D41-4CE8-9EE4-EE85DB1A24F6}.Debug|ARM64.Build.0 = Debug|ARM64
		{10C2E5BC-7D41-4CE8-9EE4-EE85DB1A24F6}.Debug|ARM64.Deploy.0 = Debug|ARM64
		{10C2E5BC-7D41-4CE8-9EE4-EE85DB1A24F6}.Debug|x64.ActiveCfg = Debug|x64
		{10C2E5BC-7D41-4CE8-9EE4-EE85DB1A24F6}.Debug|x64.Build.0 = Debug|x64
		{10C2E5BC-7D41-4CE8-9EE4-EE85DB1A24F6}.Debug|x64.Deploy.0 = Debug|x64
		{10C2E5BC-7D41-4CE8-9EE4-EE85DB1A24F6}.Debug|x86.ActiveCfg = Debug|x86
		{10C2E5BC-7D41-4CE8-9EE4-EE85DB1A24F6}.Debug|x86.Build.0 = Debug|x86
		{10C2E5BC-7D41-4CE8-9EE4-EE85DB1A24F6}.Debug|x86.Deploy.0 = Debug|x86
		{10C2E5BC-7D41-4CE8-9EE4-EE85DB1A24F6}.Release|Any CPU.ActiveCfg = Release|x64
		{10C2E5BC-7D41-4CE8-9EE4-EE85DB1A24F6}.Release|Any CPU.Build.0 = Release|x64
		{10C2E5BC-7D41-4CE8-9EE4-EE85DB1A24F6}.Release|Any CPU.Deploy.0 = Release|x64
		{10C2E5BC-7D41-4CE8-9EE4-EE85DB1A24F6}.Release|ARM.ActiveCfg = Release|ARM
		{10C2E5BC-7D41-4CE8-9EE4-EE85DB1A24F6}.Release|ARM.Build.0 = Release|ARM
		{10C2E5BC-7D41-4CE8-9EE4-EE85DB1A24F6}.Release|ARM.Deploy.0 = Release|ARM
		{10C2E5BC-7D41-4CE8-9EE4-EE85DB1A24F6}.Release|ARM64.ActiveCfg = Release|ARM64
		{10C2E5BC-7D41-4CE8-9EE4-EE85DB1A24F6}.Release|ARM64.Build.0 = Release|ARM64
		{10C2E5BC-7D41-4CE8-9EE4-EE85DB1A24F6}.Release|ARM64.Deploy.0 = Release|ARM64
		{10C2E5BC-7D41-4CE8-9EE4-EE85DB1A24F6}.Release|x64.ActiveCfg = Release|x64
		{10C2E5BC-7D41-4CE8-9EE4-EE85DB1A24F6}.Release|x64.Build.0 = Release|x64
		{10C2E5BC-7D41-4CE8-9EE4-EE85DB1A24F6}.Release|x64.Deploy.0 = Release|x64
		{10C2E5BC-7D41-4CE8-9EE4-EE85DB1A24F6}.Release|x86.ActiveCfg = Release|x86
		{10C2E5BC-7D41-4CE8-9EE4-EE85DB1A24F6}.Release|x86.Build.0 = Release|x86
		{10C2E5BC-7D41-4CE8-9EE4-EE85DB1A24F6}.Release|x86.Deploy.0 = Release|x86
		{85114410-1DC5-4BA3-A59C-C268491BCE2A}.Debug|Any CPU.ActiveCfg = Debug|Any CPU
		{85114410-1DC5-4BA3-A59C-C268491BCE2A}.Debug|Any CPU.Build.0 = Debug|Any CPU
		{85114410-1DC5-4BA3-A59C-C268491BCE2A}.Debug|ARM.ActiveCfg = Debug|Any CPU
		{85114410-1DC5-4BA3-A59C-C268491BCE2A}.Debug|ARM.Build.0 = Debug|Any CPU
		{85114410-1DC5-4BA3-A59C-C268491BCE2A}.Debug|ARM64.ActiveCfg = Debug|Any CPU
		{85114410-1DC5-4BA3-A59C-C268491BCE2A}.Debug|ARM64.Build.0 = Debug|Any CPU
		{85114410-1DC5-4BA3-A59C-C268491BCE2A}.Debug|x64.ActiveCfg = Debug|Any CPU
		{85114410-1DC5-4BA3-A59C-C268491BCE2A}.Debug|x64.Build.0 = Debug|Any CPU
		{85114410-1DC5-4BA3-A59C-C268491BCE2A}.Debug|x86.ActiveCfg = Debug|Any CPU
		{85114410-1DC5-4BA3-A59C-C268491BCE2A}.Debug|x86.Build.0 = Debug|Any CPU
		{85114410-1DC5-4BA3-A59C-C268491BCE2A}.Release|Any CPU.ActiveCfg = Release|Any CPU
		{85114410-1DC5-4BA3-A59C-C268491BCE2A}.Release|Any CPU.Build.0 = Release|Any CPU
		{85114410-1DC5-4BA3-A59C-C268491BCE2A}.Release|ARM.ActiveCfg = Release|Any CPU
		{85114410-1DC5-4BA3-A59C-C268491BCE2A}.Release|ARM.Build.0 = Release|Any CPU
		{85114410-1DC5-4BA3-A59C-C268491BCE2A}.Release|ARM64.ActiveCfg = Release|Any CPU
		{85114410-1DC5-4BA3-A59C-C268491BCE2A}.Release|ARM64.Build.0 = Release|Any CPU
		{85114410-1DC5-4BA3-A59C-C268491BCE2A}.Release|x64.ActiveCfg = Release|Any CPU
		{85114410-1DC5-4BA3-A59C-C268491BCE2A}.Release|x64.Build.0 = Release|Any CPU
		{85114410-1DC5-4BA3-A59C-C268491BCE2A}.Release|x86.ActiveCfg = Release|Any CPU
		{85114410-1DC5-4BA3-A59C-C268491BCE2A}.Release|x86.Build.0 = Release|Any CPU
		{BD35B38E-5041-4FCF-8AC1-E3B0B6DB5A44}.Debug|Any CPU.ActiveCfg = Debug|x64
		{BD35B38E-5041-4FCF-8AC1-E3B0B6DB5A44}.Debug|Any CPU.Build.0 = Debug|x64
		{BD35B38E-5041-4FCF-8AC1-E3B0B6DB5A44}.Debug|Any CPU.Deploy.0 = Debug|x64
		{BD35B38E-5041-4FCF-8AC1-E3B0B6DB5A44}.Debug|ARM.ActiveCfg = Debug|x64
		{BD35B38E-5041-4FCF-8AC1-E3B0B6DB5A44}.Debug|ARM.Build.0 = Debug|x64
		{BD35B38E-5041-4FCF-8AC1-E3B0B6DB5A44}.Debug|ARM.Deploy.0 = Debug|x64
		{BD35B38E-5041-4FCF-8AC1-E3B0B6DB5A44}.Debug|ARM64.ActiveCfg = Debug|arm64
		{BD35B38E-5041-4FCF-8AC1-E3B0B6DB5A44}.Debug|ARM64.Build.0 = Debug|arm64
		{BD35B38E-5041-4FCF-8AC1-E3B0B6DB5A44}.Debug|ARM64.Deploy.0 = Debug|arm64
		{BD35B38E-5041-4FCF-8AC1-E3B0B6DB5A44}.Debug|x64.ActiveCfg = Debug|x64
		{BD35B38E-5041-4FCF-8AC1-E3B0B6DB5A44}.Debug|x64.Build.0 = Debug|x64
		{BD35B38E-5041-4FCF-8AC1-E3B0B6DB5A44}.Debug|x64.Deploy.0 = Debug|x64
		{BD35B38E-5041-4FCF-8AC1-E3B0B6DB5A44}.Debug|x86.ActiveCfg = Debug|x86
		{BD35B38E-5041-4FCF-8AC1-E3B0B6DB5A44}.Debug|x86.Build.0 = Debug|x86
		{BD35B38E-5041-4FCF-8AC1-E3B0B6DB5A44}.Debug|x86.Deploy.0 = Debug|x86
		{BD35B38E-5041-4FCF-8AC1-E3B0B6DB5A44}.Release|Any CPU.ActiveCfg = Release|x64
		{BD35B38E-5041-4FCF-8AC1-E3B0B6DB5A44}.Release|Any CPU.Build.0 = Release|x64
		{BD35B38E-5041-4FCF-8AC1-E3B0B6DB5A44}.Release|Any CPU.Deploy.0 = Release|x64
		{BD35B38E-5041-4FCF-8AC1-E3B0B6DB5A44}.Release|ARM.ActiveCfg = Release|x64
		{BD35B38E-5041-4FCF-8AC1-E3B0B6DB5A44}.Release|ARM.Build.0 = Release|x64
		{BD35B38E-5041-4FCF-8AC1-E3B0B6DB5A44}.Release|ARM.Deploy.0 = Release|x64
		{BD35B38E-5041-4FCF-8AC1-E3B0B6DB5A44}.Release|ARM64.ActiveCfg = Release|arm64
		{BD35B38E-5041-4FCF-8AC1-E3B0B6DB5A44}.Release|ARM64.Build.0 = Release|arm64
		{BD35B38E-5041-4FCF-8AC1-E3B0B6DB5A44}.Release|ARM64.Deploy.0 = Release|arm64
		{BD35B38E-5041-4FCF-8AC1-E3B0B6DB5A44}.Release|x64.ActiveCfg = Release|x64
		{BD35B38E-5041-4FCF-8AC1-E3B0B6DB5A44}.Release|x64.Build.0 = Release|x64
		{BD35B38E-5041-4FCF-8AC1-E3B0B6DB5A44}.Release|x64.Deploy.0 = Release|x64
		{BD35B38E-5041-4FCF-8AC1-E3B0B6DB5A44}.Release|x86.ActiveCfg = Release|x86
		{BD35B38E-5041-4FCF-8AC1-E3B0B6DB5A44}.Release|x86.Build.0 = Release|x86
		{BD35B38E-5041-4FCF-8AC1-E3B0B6DB5A44}.Release|x86.Deploy.0 = Release|x86
	EndGlobalSection
	GlobalSection(SolutionProperties) = preSolution
		HideSolutionNode = FALSE
	EndGlobalSection
	GlobalSection(ExtensibilityGlobals) = postSolution
		SolutionGuid = {AD2FA849-7C78-4EB2-A118-4877DCA24AC3}
	EndGlobalSection
EndGlobal
